// !$*UTF8*$!
{
	archiveVersion = 1;
	classes = {
	};
	objectVersion = 56;
	objects = {

/* Begin PBXBuildFile section */
		814F130F2BD4DA880012B6C3 /* AppDelegate.swift in Sources */ = {isa = PBXBuildFile; fileRef = 814F130E2BD4DA880012B6C3 /* AppDelegate.swift */; };
		814F13112BD4DA880012B6C3 /* SceneDelegate.swift in Sources */ = {isa = PBXBuildFile; fileRef = 814F13102BD4DA880012B6C3 /* SceneDelegate.swift */; };
		814F13132BD4DA880012B6C3 /* StartController.swift in Sources */ = {isa = PBXBuildFile; fileRef = 814F13122BD4DA880012B6C3 /* StartController.swift */; };
		814F13182BD4DA890012B6C3 /* Assets.xcassets in Resources */ = {isa = PBXBuildFile; fileRef = 814F13172BD4DA890012B6C3 /* Assets.xcassets */; };
		814F131B2BD4DA890012B6C3 /* LaunchScreen.storyboard in Resources */ = {isa = PBXBuildFile; fileRef = 814F13192BD4DA890012B6C3 /* LaunchScreen.storyboard */; };
		814F13232BD4E0F40012B6C3 /* StartView.swift in Sources */ = {isa = PBXBuildFile; fileRef = 814F13222BD4E0F40012B6C3 /* StartView.swift */; };
		814F13252BD4E9E60012B6C3 /* TextFieldExtension.swift in Sources */ = {isa = PBXBuildFile; fileRef = 814F13242BD4E9E60012B6C3 /* TextFieldExtension.swift */; };
		814F13272BD4EE8C0012B6C3 /* UIStackViewExtension.swift in Sources */ = {isa = PBXBuildFile; fileRef = 814F13262BD4EE8C0012B6C3 /* UIStackViewExtension.swift */; };
		814F132C2BD4FEC80012B6C3 /* UIColor+Extension.swift in Sources */ = {isa = PBXBuildFile; fileRef = 814F132B2BD4FEC80012B6C3 /* UIColor+Extension.swift */; };
		814F13302BD502490012B6C3 /* Player.swift in Sources */ = {isa = PBXBuildFile; fileRef = 814F132F2BD502490012B6C3 /* Player.swift */; };
		814F13322BD50FF60012B6C3 /* GameVC.swift in Sources */ = {isa = PBXBuildFile; fileRef = 814F13312BD50FF60012B6C3 /* GameVC.swift */; };
		814F13342BD510200012B6C3 /* GameView.swift in Sources */ = {isa = PBXBuildFile; fileRef = 814F13332BD510200012B6C3 /* GameView.swift */; };
		814F13362BD514CD0012B6C3 /* AllQuastions.swift in Sources */ = {isa = PBXBuildFile; fileRef = 814F13352BD514CD0012B6C3 /* AllQuastions.swift */; };
		814F133A2BD7DBA50012B6C3 /* Extension UIButton.swift in Sources */ = {isa = PBXBuildFile; fileRef = 814F13392BD7DBA50012B6C3 /* Extension UIButton.swift */; };
/* End PBXBuildFile section */

/* Begin PBXFileReference section */
		814F130B2BD4DA880012B6C3 /* QuizQuestions.app */ = {isa = PBXFileReference; explicitFileType = wrapper.application; includeInIndex = 0; path = QuizQuestions.app; sourceTree = BUILT_PRODUCTS_DIR; };
		814F130E2BD4DA880012B6C3 /* AppDelegate.swift */ = {isa = PBXFileReference; lastKnownFileType = sourcecode.swift; path = AppDelegate.swift; sourceTree = "<group>"; };
		814F13102BD4DA880012B6C3 /* SceneDelegate.swift */ = {isa = PBXFileReference; lastKnownFileType = sourcecode.swift; path = SceneDelegate.swift; sourceTree = "<group>"; };
		814F13122BD4DA880012B6C3 /* StartController.swift */ = {isa = PBXFileReference; lastKnownFileType = sourcecode.swift; path = StartController.swift; sourceTree = "<group>"; };
		814F13172BD4DA890012B6C3 /* Assets.xcassets */ = {isa = PBXFileReference; lastKnownFileType = folder.assetcatalog; path = Assets.xcassets; sourceTree = "<group>"; };
		814F131A2BD4DA890012B6C3 /* Base */ = {isa = PBXFileReference; lastKnownFileType = file.storyboard; name = Base; path = Base.lproj/LaunchScreen.storyboard; sourceTree = "<group>"; };
		814F131C2BD4DA890012B6C3 /* Info.plist */ = {isa = PBXFileReference; lastKnownFileType = text.plist.xml; path = Info.plist; sourceTree = "<group>"; };
		814F13222BD4E0F40012B6C3 /* StartView.swift */ = {isa = PBXFileReference; lastKnownFileType = sourcecode.swift; path = StartView.swift; sourceTree = "<group>"; };
		814F13242BD4E9E60012B6C3 /* TextFieldExtension.swift */ = {isa = PBXFileReference; lastKnownFileType = sourcecode.swift; path = TextFieldExtension.swift; sourceTree = "<group>"; };
		814F13262BD4EE8C0012B6C3 /* UIStackViewExtension.swift */ = {isa = PBXFileReference; lastKnownFileType = sourcecode.swift; path = UIStackViewExtension.swift; sourceTree = "<group>"; };
		814F132B2BD4FEC80012B6C3 /* UIColor+Extension.swift */ = {isa = PBXFileReference; lastKnownFileType = sourcecode.swift; path = "UIColor+Extension.swift"; sourceTree = "<group>"; };
		814F132F2BD502490012B6C3 /* Player.swift */ = {isa = PBXFileReference; lastKnownFileType = sourcecode.swift; path = Player.swift; sourceTree = "<group>"; };
		814F13312BD50FF60012B6C3 /* GameVC.swift */ = {isa = PBXFileReference; lastKnownFileType = sourcecode.swift; path = GameVC.swift; sourceTree = "<group>"; };
		814F13332BD510200012B6C3 /* GameView.swift */ = {isa = PBXFileReference; lastKnownFileType = sourcecode.swift; path = GameView.swift; sourceTree = "<group>"; };
		814F13352BD514CD0012B6C3 /* AllQuastions.swift */ = {isa = PBXFileReference; lastKnownFileType = sourcecode.swift; path = AllQuastions.swift; sourceTree = "<group>"; };
		814F13392BD7DBA50012B6C3 /* Extension UIButton.swift */ = {isa = PBXFileReference; lastKnownFileType = sourcecode.swift; path = "Extension UIButton.swift"; sourceTree = "<group>"; };
/* End PBXFileReference section */

/* Begin PBXFrameworksBuildPhase section */
		814F13082BD4DA880012B6C3 /* Frameworks */ = {
			isa = PBXFrameworksBuildPhase;
			buildActionMask = 2147483647;
			files = (
			);
			runOnlyForDeploymentPostprocessing = 0;
		};
/* End PBXFrameworksBuildPhase section */

/* Begin PBXGroup section */
		814F13022BD4DA880012B6C3 = {
			isa = PBXGroup;
			children = (
				814F130D2BD4DA880012B6C3 /* QuizQuestions */,
				814F130C2BD4DA880012B6C3 /* Products */,
			);
			sourceTree = "<group>";
		};
		814F130C2BD4DA880012B6C3 /* Products */ = {
			isa = PBXGroup;
			children = (
				814F130B2BD4DA880012B6C3 /* QuizQuestions.app */,
			);
			name = Products;
			sourceTree = "<group>";
		};
		814F130D2BD4DA880012B6C3 /* QuizQuestions */ = {
			isa = PBXGroup;
			children = (
				814F132D2BD501840012B6C3 /* SuppurtFiles */,
				814F13282BD4FDD20012B6C3 /* Controllers */,
				814F13292BD4FDE50012B6C3 /* Views */,
				814F132E2BD5022D0012B6C3 /* Model */,
				814F132A2BD4FE780012B6C3 /* Helpers+Extensions */,
			);
			path = QuizQuestions;
			sourceTree = "<group>";
		};
		814F13282BD4FDD20012B6C3 /* Controllers */ = {
			isa = PBXGroup;
			children = (
				814F13122BD4DA880012B6C3 /* StartController.swift */,
				814F13312BD50FF60012B6C3 /* GameVC.swift */,
			);
			path = Controllers;
			sourceTree = "<group>";
		};
		814F13292BD4FDE50012B6C3 /* Views */ = {
			isa = PBXGroup;
			children = (
				814F13222BD4E0F40012B6C3 /* StartView.swift */,
				814F13332BD510200012B6C3 /* GameView.swift */,
			);
			path = Views;
			sourceTree = "<group>";
		};
		814F132A2BD4FE780012B6C3 /* Helpers+Extensions */ = {
			isa = PBXGroup;
			children = (
				814F13242BD4E9E60012B6C3 /* TextFieldExtension.swift */,
				814F13262BD4EE8C0012B6C3 /* UIStackViewExtension.swift */,
				814F132B2BD4FEC80012B6C3 /* UIColor+Extension.swift */,
				814F13392BD7DBA50012B6C3 /* Extension UIButton.swift */,
			);
			path = "Helpers+Extensions";
			sourceTree = "<group>";
		};
		814F132D2BD501840012B6C3 /* SuppurtFiles */ = {
			isa = PBXGroup;
			children = (
				814F130E2BD4DA880012B6C3 /* AppDelegate.swift */,
				814F13102BD4DA880012B6C3 /* SceneDelegate.swift */,
				814F13172BD4DA890012B6C3 /* Assets.xcassets */,
				814F13192BD4DA890012B6C3 /* LaunchScreen.storyboard */,
				814F131C2BD4DA890012B6C3 /* Info.plist */,
			);
			path = SuppurtFiles;
			sourceTree = "<group>";
		};
		814F132E2BD5022D0012B6C3 /* Model */ = {
			isa = PBXGroup;
			children = (
				814F132F2BD502490012B6C3 /* Player.swift */,
				814F13352BD514CD0012B6C3 /* AllQuastions.swift */,
			);
			path = Model;
			sourceTree = "<group>";
		};
/* End PBXGroup section */

/* Begin PBXNativeTarget section */
		814F130A2BD4DA880012B6C3 /* QuizQuestions */ = {
			isa = PBXNativeTarget;
			buildConfigurationList = 814F131F2BD4DA890012B6C3 /* Build configuration list for PBXNativeTarget "QuizQuestions" */;
			buildPhases = (
				814F13072BD4DA880012B6C3 /* Sources */,
				814F13082BD4DA880012B6C3 /* Frameworks */,
				814F13092BD4DA880012B6C3 /* Resources */,
			);
			buildRules = (
			);
			dependencies = (
			);
			name = QuizQuestions;
			productName = QuizQuestions;
			productReference = 814F130B2BD4DA880012B6C3 /* QuizQuestions.app */;
			productType = "com.apple.product-type.application";
		};
/* End PBXNativeTarget section */

/* Begin PBXProject section */
		814F13032BD4DA880012B6C3 /* Project object */ = {
			isa = PBXProject;
			attributes = {
				BuildIndependentTargetsInParallel = 1;
				LastSwiftUpdateCheck = 1510;
				LastUpgradeCheck = 1510;
				TargetAttributes = {
					814F130A2BD4DA880012B6C3 = {
						CreatedOnToolsVersion = 15.1;
					};
				};
			};
			buildConfigurationList = 814F13062BD4DA880012B6C3 /* Build configuration list for PBXProject "QuizQuestions" */;
			compatibilityVersion = "Xcode 14.0";
			developmentRegion = en;
			hasScannedForEncodings = 0;
			knownRegions = (
				en,
				Base,
			);
			mainGroup = 814F13022BD4DA880012B6C3;
			productRefGroup = 814F130C2BD4DA880012B6C3 /* Products */;
			projectDirPath = "";
			projectRoot = "";
			targets = (
				814F130A2BD4DA880012B6C3 /* QuizQuestions */,
			);
		};
/* End PBXProject section */

/* Begin PBXResourcesBuildPhase section */
		814F13092BD4DA880012B6C3 /* Resources */ = {
			isa = PBXResourcesBuildPhase;
			buildActionMask = 2147483647;
			files = (
				814F131B2BD4DA890012B6C3 /* LaunchScreen.storyboard in Resources */,
				814F13182BD4DA890012B6C3 /* Assets.xcassets in Resources */,
			);
			runOnlyForDeploymentPostprocessing = 0;
		};
/* End PBXResourcesBuildPhase section */

/* Begin PBXSourcesBuildPhase section */
		814F13072BD4DA880012B6C3 /* Sources */ = {
			isa = PBXSourcesBuildPhase;
			buildActionMask = 2147483647;
			files = (
				814F132C2BD4FEC80012B6C3 /* UIColor+Extension.swift in Sources */,
				814F133A2BD7DBA50012B6C3 /* Extension UIButton.swift in Sources */,
				814F13132BD4DA880012B6C3 /* StartController.swift in Sources */,
				814F13272BD4EE8C0012B6C3 /* UIStackViewExtension.swift in Sources */,
				814F130F2BD4DA880012B6C3 /* AppDelegate.swift in Sources */,
				814F13342BD510200012B6C3 /* GameView.swift in Sources */,
				814F13302BD502490012B6C3 /* Player.swift in Sources */,
				814F13112BD4DA880012B6C3 /* SceneDelegate.swift in Sources */,
				814F13362BD514CD0012B6C3 /* AllQuastions.swift in Sources */,
				814F13252BD4E9E60012B6C3 /* TextFieldExtension.swift in Sources */,
				814F13322BD50FF60012B6C3 /* GameVC.swift in Sources */,
				814F13232BD4E0F40012B6C3 /* StartView.swift in Sources */,
			);
			runOnlyForDeploymentPostprocessing = 0;
		};
/* End PBXSourcesBuildPhase section */

/* Begin PBXVariantGroup section */
		814F13192BD4DA890012B6C3 /* LaunchScreen.storyboard */ = {
			isa = PBXVariantGroup;
			children = (
				814F131A2BD4DA890012B6C3 /* Base */,
			);
			name = LaunchScreen.storyboard;
			sourceTree = "<group>";
		};
/* End PBXVariantGroup section */

/* Begin XCBuildConfiguration section */
		814F131D2BD4DA890012B6C3 /* Debug */ = {
			isa = XCBuildConfiguration;
			buildSettings = {
				ALWAYS_SEARCH_USER_PATHS = NO;
				ASSETCATALOG_COMPILER_GENERATE_SWIFT_ASSET_SYMBOL_EXTENSIONS = YES;
				CLANG_ANALYZER_NONNULL = YES;
				CLANG_ANALYZER_NUMBER_OBJECT_CONVERSION = YES_AGGRESSIVE;
				CLANG_CXX_LANGUAGE_STANDARD = "gnu++20";
				CLANG_ENABLE_MODULES = YES;
				CLANG_ENABLE_OBJC_ARC = YES;
				CLANG_ENABLE_OBJC_WEAK = YES;
				CLANG_WARN_BLOCK_CAPTURE_AUTORELEASING = YES;
				CLANG_WARN_BOOL_CONVERSION = YES;
				CLANG_WARN_COMMA = YES;
				CLANG_WARN_CONSTANT_CONVERSION = YES;
				CLANG_WARN_DEPRECATED_OBJC_IMPLEMENTATIONS = YES;
				CLANG_WARN_DIRECT_OBJC_ISA_USAGE = YES_ERROR;
				CLANG_WARN_DOCUMENTATION_COMMENTS = YES;
				CLANG_WARN_EMPTY_BODY = YES;
				CLANG_WARN_ENUM_CONVERSION = YES;
				CLANG_WARN_INFINITE_RECURSION = YES;
				CLANG_WARN_INT_CONVERSION = YES;
				CLANG_WARN_NON_LITERAL_NULL_CONVERSION = YES;
				CLANG_WARN_OBJC_IMPLICIT_RETAIN_SELF = YES;
				CLANG_WARN_OBJC_LITERAL_CONVERSION = YES;
				CLANG_WARN_OBJC_ROOT_CLASS = YES_ERROR;
				CLANG_WARN_QUOTED_INCLUDE_IN_FRAMEWORK_HEADER = YES;
				CLANG_WARN_RANGE_LOOP_ANALYSIS = YES;
				CLANG_WARN_STRICT_PROTOTYPES = YES;
				CLANG_WARN_SUSPICIOUS_MOVE = YES;
				CLANG_WARN_UNGUARDED_AVAILABILITY = YES_AGGRESSIVE;
				CLANG_WARN_UNREACHABLE_CODE = YES;
				CLANG_WARN__DUPLICATE_METHOD_MATCH = YES;
				COPY_PHASE_STRIP = NO;
				DEBUG_INFORMATION_FORMAT = dwarf;
				ENABLE_STRICT_OBJC_MSGSEND = YES;
				ENABLE_TESTABILITY = YES;
				ENABLE_USER_SCRIPT_SANDBOXING = YES;
				GCC_C_LANGUAGE_STANDARD = gnu17;
				GCC_DYNAMIC_NO_PIC = NO;
				GCC_NO_COMMON_BLOCKS = YES;
				GCC_OPTIMIZATION_LEVEL = 0;
				GCC_PREPROCESSOR_DEFINITIONS = (
					"DEBUG=1",
					"$(inherited)",
				);
				GCC_WARN_64_TO_32_BIT_CONVERSION = YES;
				GCC_WARN_ABOUT_RETURN_TYPE = YES_ERROR;
				GCC_WARN_UNDECLARED_SELECTOR = YES;
				GCC_WARN_UNINITIALIZED_AUTOS = YES_AGGRESSIVE;
				GCC_WARN_UNUSED_FUNCTION = YES;
				GCC_WARN_UNUSED_VARIABLE = YES;
				IPHONEOS_DEPLOYMENT_TARGET = 17.2;
				LOCALIZATION_PREFERS_STRING_CATALOGS = YES;
				MTL_ENABLE_DEBUG_INFO = INCLUDE_SOURCE;
				MTL_FAST_MATH = YES;
				ONLY_ACTIVE_ARCH = YES;
				SDKROOT = iphoneos;
				SWIFT_ACTIVE_COMPILATION_CONDITIONS = "DEBUG $(inherited)";
				SWIFT_OPTIMIZATION_LEVEL = "-Onone";
			};
			name = Debug;
		};
		814F131E2BD4DA890012B6C3 /* Release */ = {
			isa = XCBuildConfiguration;
			buildSettings = {
				ALWAYS_SEARCH_USER_PATHS = NO;
				ASSETCATALOG_COMPILER_GENERATE_SWIFT_ASSET_SYMBOL_EXTENSIONS = YES;
				CLANG_ANALYZER_NONNULL = YES;
				CLANG_ANALYZER_NUMBER_OBJECT_CONVERSION = YES_AGGRESSIVE;
				CLANG_CXX_LANGUAGE_STANDARD = "gnu++20";
				CLANG_ENABLE_MODULES = YES;
				CLANG_ENABLE_OBJC_ARC = YES;
				CLANG_ENABLE_OBJC_WEAK = YES;
				CLANG_WARN_BLOCK_CAPTURE_AUTORELEASING = YES;
				CLANG_WARN_BOOL_CONVERSION = YES;
				CLANG_WARN_COMMA = YES;
				CLANG_WARN_CONSTANT_CONVERSION = YES;
				CLANG_WARN_DEPRECATED_OBJC_IMPLEMENTATIONS = YES;
				CLANG_WARN_DIRECT_OBJC_ISA_USAGE = YES_ERROR;
				CLANG_WARN_DOCUMENTATION_COMMENTS = YES;
				CLANG_WARN_EMPTY_BODY = YES;
				CLANG_WARN_ENUM_CONVERSION = YES;
				CLANG_WARN_INFINITE_RECURSION = YES;
				CLANG_WARN_INT_CONVERSION = YES;
				CLANG_WARN_NON_LITERAL_NULL_CONVERSION = YES;
				CLANG_WARN_OBJC_IMPLICIT_RETAIN_SELF = YES;
				CLANG_WARN_OBJC_LITERAL_CONVERSION = YES;
				CLANG_WARN_OBJC_ROOT_CLASS = YES_ERROR;
				CLANG_WARN_QUOTED_INCLUDE_IN_FRAMEWORK_HEADER = YES;
				CLANG_WARN_RANGE_LOOP_ANALYSIS = YES;
				CLANG_WARN_STRICT_PROTOTYPES = YES;
				CLANG_WARN_SUSPICIOUS_MOVE = YES;
				CLANG_WARN_UNGUARDED_AVAILABILITY = YES_AGGRESSIVE;
				CLANG_WARN_UNREACHABLE_CODE = YES;
				CLANG_WARN__DUPLICATE_METHOD_MATCH = YES;
				COPY_PHASE_STRIP = NO;
				DEBUG_INFORMATION_FORMAT = "dwarf-with-dsym";
				ENABLE_NS_ASSERTIONS = NO;
				ENABLE_STRICT_OBJC_MSGSEND = YES;
				ENABLE_USER_SCRIPT_SANDBOXING = YES;
				GCC_C_LANGUAGE_STANDARD = gnu17;
				GCC_NO_COMMON_BLOCKS = YES;
				GCC_WARN_64_TO_32_BIT_CONVERSION = YES;
				GCC_WARN_ABOUT_RETURN_TYPE = YES_ERROR;
				GCC_WARN_UNDECLARED_SELECTOR = YES;
				GCC_WARN_UNINITIALIZED_AUTOS = YES_AGGRESSIVE;
				GCC_WARN_UNUSED_FUNCTION = YES;
				GCC_WARN_UNUSED_VARIABLE = YES;
				IPHONEOS_DEPLOYMENT_TARGET = 17.2;
				LOCALIZATION_PREFERS_STRING_CATALOGS = YES;
				MTL_ENABLE_DEBUG_INFO = NO;
				MTL_FAST_MATH = YES;
				SDKROOT = iphoneos;
				SWIFT_COMPILATION_MODE = wholemodule;
				VALIDATE_PRODUCT = YES;
			};
			name = Release;
		};
		814F13202BD4DA890012B6C3 /* Debug */ = {
			isa = XCBuildConfiguration;
			buildSettings = {
				ASSETCATALOG_COMPILER_APPICON_NAME = AppIcon;
				ASSETCATALOG_COMPILER_GLOBAL_ACCENT_COLOR_NAME = AccentColor;
				CODE_SIGN_STYLE = Automatic;
				CURRENT_PROJECT_VERSION = 1;
				DEVELOPMENT_TEAM = D7T3X3Y5K7;
				GENERATE_INFOPLIST_FILE = YES;
				INFOPLIST_FILE = QuizQuestions/SuppurtFiles/Info.plist;
				INFOPLIST_KEY_UIApplicationSupportsIndirectInputEvents = YES;
				INFOPLIST_KEY_UILaunchStoryboardName = LaunchScreen;
				INFOPLIST_KEY_UISupportedInterfaceOrientations = UIInterfaceOrientationPortrait;
				LD_RUNPATH_SEARCH_PATHS = (
					"$(inherited)",
					"@executable_path/Frameworks",
				);
				MARKETING_VERSION = 1.0;
				PRODUCT_BUNDLE_IDENTIFIER = com.artkamadi.QuizQuestions;
				PRODUCT_NAME = "$(TARGET_NAME)";
				SWIFT_EMIT_LOC_STRINGS = YES;
				SWIFT_VERSION = 5.0;
				TARGETED_DEVICE_FAMILY = "1,2";
			};
			name = Debug;
		};
		814F13212BD4DA890012B6C3 /* Release */ = {
			isa = XCBuildConfiguration;
			buildSettings = {
				ASSETCATALOG_COMPILER_APPICON_NAME = AppIcon;
				ASSETCATALOG_COMPILER_GLOBAL_ACCENT_COLOR_NAME = AccentColor;
				CODE_SIGN_STYLE = Automatic;
				CURRENT_PROJECT_VERSION = 1;
				DEVELOPMENT_TEAM = D7T3X3Y5K7;
				GENERATE_INFOPLIST_FILE = YES;
				INFOPLIST_FILE = QuizQuestions/SuppurtFiles/Info.plist;
				INFOPLIST_KEY_UIApplicationSupportsIndirectInputEvents = YES;
				INFOPLIST_KEY_UILaunchStoryboardName = LaunchScreen;
				INFOPLIST_KEY_UISupportedInterfaceOrientations = UIInterfaceOrientationPortrait;
				LD_RUNPATH_SEARCH_PATHS = (
					"$(inherited)",
					"@executable_path/Frameworks",
				);
				MARKETING_VERSION = 1.0;
				PRODUCT_BUNDLE_IDENTIFIER = com.artkamadi.QuizQuestions;
				PRODUCT_NAME = "$(TARGET_NAME)";
				SWIFT_EMIT_LOC_STRINGS = YES;
				SWIFT_VERSION = 5.0;
				TARGETED_DEVICE_FAMILY = "1,2";
			};
			name = Release;
		};
/* End XCBuildConfiguration section */

/* Begin XCConfigurationList section */
		814F13062BD4DA880012B6C3 /* Build configuration list for PBXProject "QuizQuestions" */ = {
			isa = XCConfigurationList;
			buildConfigurations = (
				814F131D2BD4DA890012B6C3 /* Debug */,
				814F131E2BD4DA890012B6C3 /* Release */,
			);
			defaultConfigurationIsVisible = 0;
			defaultConfigurationName = Release;
		};
		814F131F2BD4DA890012B6C3 /* Build configuration list for PBXNativeTarget "QuizQuestions" */ = {
			isa = XCConfigurationList;
			buildConfigurations = (
				814F13202BD4DA890012B6C3 /* Debug */,
				814F13212BD4DA890012B6C3 /* Release */,
			);
			defaultConfigurationIsVisible = 0;
			defaultConfigurationName = Release;
		};
/* End XCConfigurationList section */
	};
	rootObject = 814F13032BD4DA880012B6C3 /* Project object */;
}
